
Microsoft Visual Studio Solution File, Format Version 12.00
# Visual Studio Version 17
VisualStudioVersion = 17.9.34728.123
MinimumVisualStudioVersion = 10.0.40219.1
Project("{FAE04EC0-301F-11D3-BF4B-00C04F79EFBC}") = "Forum", "Forum\Forum.csproj", "{C3070D28-C31B-4EE2-99B8-53FA975FB46E}"
EndProject
Global
	GlobalSection(SolutionConfigurationPlatforms) = preSolution
		Debug|Any CPU = Debug|Any CPU
		Release|Any CPU = Release|Any CPU
	EndGlobalSection
	GlobalSection(ProjectConfigurationPlatforms) = postSolution
		{C3070D28-C31B-4EE2-99B8-53FA975FB46E}.Debug|Any CPU.ActiveCfg = Debug|Any CPU
		{C3070D28-C31B-4EE2-99B8-53FA975FB46E}.Debug|Any CPU.Build.0 = Debug|Any CPU
		{C3070D28-C31B-4EE2-99B8-53FA975FB46E}.Release|Any CPU.ActiveCfg = Release|Any CPU
		{C3070D28-C31B-4EE2-99B8-53FA975FB46E}.Release|Any CPU.Build.0 = Release|Any CPU
	EndGlobalSection
	GlobalSection(SolutionProperties) = preSolution
		HideSolutionNode = FALSE
	EndGlobalSection
	GlobalSection(ExtensibilityGlobals) = postSolution
		SolutionGuid = {9464A43D-8EDC-4D05-9949-12209E539CF6}
	EndGlobalSection
EndGlobal
